
Microsoft Visual Studio Solution File, Format Version 12.00
# Visual Studio Version 17
VisualStudioVersion = 17.0.31912.275
MinimumVisualStudioVersion = 10.0.40219.1
Project("{9A19103F-16F7-4668-BE54-9A1E7A4F7556}") = "Xapp.Domain", "Xapp.Domain\Xapp.Domain.csproj", "{070A98F1-FE22-4C27-A0B7-34F5B299621B}"
EndProject
Project("{9A19103F-16F7-4668-BE54-9A1E7A4F7556}") = "Xapp.API", "Xapp.API\Xapp.API.csproj", "{EFE6692F-24D0-4251-9970-E15D3735F9F1}"
EndProject
Project("{FAE04EC0-301F-11D3-BF4B-00C04F79EFBC}") = "Xapp.Web", "Xapp.Web\Xapp.Web.csproj", "{FFD1DF5F-BA6B-4D79-BC5D-086CDDBAC431}"
EndProject
Global
	GlobalSection(SolutionConfigurationPlatforms) = preSolution
		Debug|Any CPU = Debug|Any CPU
		Release|Any CPU = Release|Any CPU
	EndGlobalSection
	GlobalSection(ProjectConfigurationPlatforms) = postSolution
		{070A98F1-FE22-4C27-A0B7-34F5B299621B}.Debug|Any CPU.ActiveCfg = Debug|Any CPU
		{070A98F1-FE22-4C27-A0B7-34F5B299621B}.Debug|Any CPU.Build.0 = Debug|Any CPU
		{070A98F1-FE22-4C27-A0B7-34F5B299621B}.Release|Any CPU.ActiveCfg = Release|Any CPU
		{070A98F1-FE22-4C27-A0B7-34F5B299621B}.Release|Any CPU.Build.0 = Release|Any CPU
		{EFE6692F-24D0-4251-9970-E15D3735F9F1}.Debug|Any CPU.ActiveCfg = Debug|Any CPU
		{EFE6692F-24D0-4251-9970-E15D3735F9F1}.Debug|Any CPU.Build.0 = Debug|Any CPU
		{EFE6692F-24D0-4251-9970-E15D3735F9F1}.Release|Any CPU.ActiveCfg = Release|Any CPU
		{EFE6692F-24D0-4251-9970-E15D3735F9F1}.Release|Any CPU.Build.0 = Release|Any CPU
		{FFD1DF5F-BA6B-4D79-BC5D-086CDDBAC431}.Debug|Any CPU.ActiveCfg = Debug|Any CPU
		{FFD1DF5F-BA6B-4D79-BC5D-086CDDBAC431}.Debug|Any CPU.Build.0 = Debug|Any CPU
		{FFD1DF5F-BA6B-4D79-BC5D-086CDDBAC431}.Release|Any CPU.ActiveCfg = Release|Any CPU
		{FFD1DF5F-BA6B-4D79-BC5D-086CDDBAC431}.Release|Any CPU.Build.0 = Release|Any CPU
	EndGlobalSection
	GlobalSection(SolutionProperties) = preSolution
		HideSolutionNode = FALSE
	EndGlobalSection
	GlobalSection(ExtensibilityGlobals) = postSolution
		SolutionGuid = {DEBC6B77-3CCF-408F-A99A-AB91B906452E}
	EndGlobalSection
EndGlobal
